
Microsoft Visual Studio Solution File, Format Version 10.00
# Visual Studio 2008
Project("{8BC9CEB8-8B4A-11D0-8D11-00A0C91BC942}") = "jkl6plus", "jkl6plus.vcproj", "{56B68A1B-5328-471B-8845-2F7C6464BEEC}"
EndProject
Global
	GlobalSection(SolutionConfigurationPlatforms) = preSolution
		Debug|Win32 = Debug|Win32
		Release|Win32 = Release|Win32
	EndGlobalSection
	GlobalSection(ProjectConfigurationPlatforms) = postSolution
		{56B68A1B-5328-471B-8845-2F7C6464BEEC}.Debug|Win32.ActiveCfg = Debug|Win32
		{56B68A1B-5328-471B-8845-2F7C6464BEEC}.Debug|Win32.Build.0 = Debug|Win32
		{56B68A1B-5328-471B-8845-2F7C6464BEEC}.Release|Win32.ActiveCfg = Release|Win32
		{56B68A1B-5328-471B-8845-2F7C6464BEEC}.Release|Win32.Build.0 = Release|Win32
	EndGlobalSection
	GlobalSection(SolutionProperties) = preSolution
		HideSolutionNode = FALSE
	EndGlobalSection
EndGlobal
